// !$*UTF8*$!
{
	archiveVersion = 1;
	classes = {
	};
	objectVersion = 50;
	objects = {

/* Begin PBXBuildFile section */
		352755CC25FBD43200E3D88F /* AppDelegate.swift in Sources */ = {isa = PBXBuildFile; fileRef = 352755CB25FBD43200E3D88F /* AppDelegate.swift */; };
		352755CE25FBD43200E3D88F /* SceneDelegate.swift in Sources */ = {isa = PBXBuildFile; fileRef = 352755CD25FBD43200E3D88F /* SceneDelegate.swift */; };
		352755D025FBD43200E3D88F /* ViewController.swift in Sources */ = {isa = PBXBuildFile; fileRef = 352755CF25FBD43200E3D88F /* ViewController.swift */; };
		352755D325FBD43200E3D88F /* Main.storyboard in Resources */ = {isa = PBXBuildFile; fileRef = 352755D125FBD43200E3D88F /* Main.storyboard */; };
		352755D525FBD43300E3D88F /* Assets.xcassets in Resources */ = {isa = PBXBuildFile; fileRef = 352755D425FBD43300E3D88F /* Assets.xcassets */; };
		352755D825FBD43300E3D88F /* LaunchScreen.storyboard in Resources */ = {isa = PBXBuildFile; fileRef = 352755D625FBD43300E3D88F /* LaunchScreen.storyboard */; };
		352755E125FBD87400E3D88F /* FoodTableViewController.swift in Sources */ = {isa = PBXBuildFile; fileRef = 352755E025FBD87400E3D88F /* FoodTableViewController.swift */; };
		352755E425FBD8C500E3D88F /* Meal.swift in Sources */ = {isa = PBXBuildFile; fileRef = 352755E325FBD8C500E3D88F /* Meal.swift */; };
		352755E725FBD8D400E3D88F /* Food.swift in Sources */ = {isa = PBXBuildFile; fileRef = 352755E625FBD8D400E3D88F /* Food.swift */; };
/* End PBXBuildFile section */

/* Begin PBXFileReference section */
		352755C825FBD43200E3D88F /* Meal Tracker.app */ = {isa = PBXFileReference; explicitFileType = wrapper.application; includeInIndex = 0; path = "Meal Tracker.app"; sourceTree = BUILT_PRODUCTS_DIR; };
		352755CB25FBD43200E3D88F /* AppDelegate.swift */ = {isa = PBXFileReference; lastKnownFileType = sourcecode.swift; path = AppDelegate.swift; sourceTree = "<group>"; };
		352755CD25FBD43200E3D88F /* SceneDelegate.swift */ = {isa = PBXFileReference; lastKnownFileType = sourcecode.swift; path = SceneDelegate.swift; sourceTree = "<group>"; };
		352755CF25FBD43200E3D88F /* ViewController.swift */ = {isa = PBXFileReference; lastKnownFileType = sourcecode.swift; path = ViewController.swift; sourceTree = "<group>"; };
		352755D225FBD43200E3D88F /* Base */ = {isa = PBXFileReference; lastKnownFileType = file.storyboard; name = Base; path = Base.lproj/Main.storyboard; sourceTree = "<group>"; };
		352755D425FBD43300E3D88F /* Assets.xcassets */ = {isa = PBXFileReference; lastKnownFileType = folder.assetcatalog; path = Assets.xcassets; sourceTree = "<group>"; };
		352755D725FBD43300E3D88F /* Base */ = {isa = PBXFileReference; lastKnownFileType = file.storyboard; name = Base; path = Base.lproj/LaunchScreen.storyboard; sourceTree = "<group>"; };
		352755D925FBD43300E3D88F /* Info.plist */ = {isa = PBXFileReference; lastKnownFileType = text.plist.xml; path = Info.plist; sourceTree = "<group>"; };
		352755E025FBD87400E3D88F /* FoodTableViewController.swift */ = {isa = PBXFileReference; lastKnownFileType = sourcecode.swift; path = FoodTableViewController.swift; sourceTree = "<group>"; };
		352755E325FBD8C500E3D88F /* Meal.swift */ = {isa = PBXFileReference; lastKnownFileType = sourcecode.swift; path = Meal.swift; sourceTree = "<group>"; };
		352755E625FBD8D400E3D88F /* Food.swift */ = {isa = PBXFileReference; lastKnownFileType = sourcecode.swift; path = Food.swift; sourceTree = "<group>"; };
/* End PBXFileReference section */

/* Begin PBXFrameworksBuildPhase section */
		352755C525FBD43200E3D88F /* Frameworks */ = {
			isa = PBXFrameworksBuildPhase;
			buildActionMask = 2147483647;
			files = (
			);
			runOnlyForDeploymentPostprocessing = 0;
		};
/* End PBXFrameworksBuildPhase section */

/* Begin PBXGroup section */
		352755BF25FBD43200E3D88F = {
			isa = PBXGroup;
			children = (
				352755CA25FBD43200E3D88F /* Meal Tracker */,
				352755C925FBD43200E3D88F /* Products */,
			);
			sourceTree = "<group>";
		};
		352755C925FBD43200E3D88F /* Products */ = {
			isa = PBXGroup;
			children = (
				352755C825FBD43200E3D88F /* Meal Tracker.app */,
			);
			name = Products;
			sourceTree = "<group>";
		};
		352755CA25FBD43200E3D88F /* Meal Tracker */ = {
			isa = PBXGroup;
			children = (
				352755CB25FBD43200E3D88F /* AppDelegate.swift */,
				352755CD25FBD43200E3D88F /* SceneDelegate.swift */,
				352755CF25FBD43200E3D88F /* ViewController.swift */,
				352755E025FBD87400E3D88F /* FoodTableViewController.swift */,
				352755E325FBD8C500E3D88F /* Meal.swift */,
				352755E625FBD8D400E3D88F /* Food.swift */,
				352755D125FBD43200E3D88F /* Main.storyboard */,
				352755D425FBD43300E3D88F /* Assets.xcassets */,
				352755D625FBD43300E3D88F /* LaunchScreen.storyboard */,
				352755D925FBD43300E3D88F /* Info.plist */,
			);
			path = "Meal Tracker";
			sourceTree = "<group>";
		};
/* End PBXGroup section */

/* Begin PBXNativeTarget section */
		352755C725FBD43200E3D88F /* Meal Tracker */ = {
			isa = PBXNativeTarget;
			buildConfigurationList = 352755DC25FBD43300E3D88F /* Build configuration list for PBXNativeTarget "Meal Tracker" */;
			buildPhases = (
				352755C425FBD43200E3D88F /* Sources */,
				352755C525FBD43200E3D88F /* Frameworks */,
				352755C625FBD43200E3D88F /* Resources */,
			);
			buildRules = (
			);
			dependencies = (
			);
			name = "Meal Tracker";
			productName = "Meal Tracker";
			productReference = 352755C825FBD43200E3D88F /* Meal Tracker.app */;
			productType = "com.apple.product-type.application";
		};
/* End PBXNativeTarget section */

/* Begin PBXProject section */
		352755C025FBD43200E3D88F /* Project object */ = {
			isa = PBXProject;
			attributes = {
				LastSwiftUpdateCheck = 1240;
				LastUpgradeCheck = 1240;
				TargetAttributes = {
					352755C725FBD43200E3D88F = {
						CreatedOnToolsVersion = 12.4;
					};
				};
			};
			buildConfigurationList = 352755C325FBD43200E3D88F /* Build configuration list for PBXProject "Meal Tracker" */;
			compatibilityVersion = "Xcode 9.3";
			developmentRegion = en;
			hasScannedForEncodings = 0;
			knownRegions = (
				en,
				Base,
			);
			mainGroup = 352755BF25FBD43200E3D88F;
			productRefGroup = 352755C925FBD43200E3D88F /* Products */;
			projectDirPath = "";
			projectRoot = "";
			targets = (
				352755C725FBD43200E3D88F /* Meal Tracker */,
			);
		};
/* End PBXProject section */

/* Begin PBXResourcesBuildPhase section */
		352755C625FBD43200E3D88F /* Resources */ = {
			isa = PBXResourcesBuildPhase;
			buildActionMask = 2147483647;
			files = (
				352755D825FBD43300E3D88F /* LaunchScreen.storyboard in Resources */,
				352755D525FBD43300E3D88F /* Assets.xcassets in Resources */,
				352755D325FBD43200E3D88F /* Main.storyboard in Resources */,
			);
			runOnlyForDeploymentPostprocessing = 0;
		};
/* End PBXResourcesBuildPhase section */

/* Begin PBXSourcesBuildPhase section */
		352755C425FBD43200E3D88F /* Sources */ = {
			isa = PBXSourcesBuildPhase;
			buildActionMask = 2147483647;
			files = (
				352755E425FBD8C500E3D88F /* Meal.swift in Sources */,
				352755D025FBD43200E3D88F /* ViewController.swift in Sources */,
				352755CC25FBD43200E3D88F /* AppDelegate.swift in Sources */,
				352755CE25FBD43200E3D88F /* SceneDelegate.swift in Sources */,
				352755E125FBD87400E3D88F /* FoodTableViewController.swift in Sources */,
				352755E725FBD8D400E3D88F /* Food.swift in Sources */,
			);
			runOnlyForDeploymentPostprocessing = 0;
		};
/* End PBXSourcesBuildPhase section */

/* Begin PBXVariantGroup section */
		352755D125FBD43200E3D88F /* Main.storyboard */ = {
			isa = PBXVariantGroup;
			children = (
				352755D225FBD43200E3D88F /* Base */,
			);
			name = Main.storyboard;
			sourceTree = "<group>";
		};
		352755D625FBD43300E3D88F /* LaunchScreen.storyboard */ = {
			isa = PBXVariantGroup;
			children = (
				352755D725FBD43300E3D88F /* Base */,
			);
			name = LaunchScreen.storyboard;
			sourceTree = "<group>";
		};
/* End PBXVariantGroup section */

/* Begin XCBuildConfiguration section */
		352755DA25FBD43300E3D88F /* Debug */ = {
			isa = XCBuildConfiguration;
			buildSettings = {
				ALWAYS_SEARCH_USER_PATHS = NO;
				CLANG_ANALYZER_NONNULL = YES;
				CLANG_ANALYZER_NUMBER_OBJECT_CONVERSION = YES_AGGRESSIVE;
				CLANG_CXX_LANGUAGE_STANDARD = "gnu++14";
				CLANG_CXX_LIBRARY = "libc++";
				CLANG_ENABLE_MODULES = YES;
				CLANG_ENABLE_OBJC_ARC = YES;
				CLANG_ENABLE_OBJC_WEAK = YES;
				CLANG_WARN_BLOCK_CAPTURE_AUTORELEASING = YES;
				CLANG_WARN_BOOL_CONVERSION = YES;
				CLANG_WARN_COMMA = YES;
				CLANG_WARN_CONSTANT_CONVERSION = YES;
				CLANG_WARN_DEPRECATED_OBJC_IMPLEMENTATIONS = YES;
				CLANG_WARN_DIRECT_OBJC_ISA_USAGE = YES_ERROR;
				CLANG_WARN_DOCUMENTATION_COMMENTS = YES;
				CLANG_WARN_EMPTY_BODY = YES;
				CLANG_WARN_ENUM_CONVERSION = YES;
				CLANG_WARN_INFINITE_RECURSION = YES;
				CLANG_WARN_INT_CONVERSION = YES;
				CLANG_WARN_NON_LITERAL_NULL_CONVERSION = YES;
				CLANG_WARN_OBJC_IMPLICIT_RETAIN_SELF = YES;
				CLANG_WARN_OBJC_LITERAL_CONVERSION = YES;
				CLANG_WARN_OBJC_ROOT_CLASS = YES_ERROR;
				CLANG_WARN_QUOTED_INCLUDE_IN_FRAMEWORK_HEADER = YES;
				CLANG_WARN_RANGE_LOOP_ANALYSIS = YES;
				CLANG_WARN_STRICT_PROTOTYPES = YES;
				CLANG_WARN_SUSPICIOUS_MOVE = YES;
				CLANG_WARN_UNGUARDED_AVAILABILITY = YES_AGGRESSIVE;
				CLANG_WARN_UNREACHABLE_CODE = YES;
				CLANG_WARN__DUPLICATE_METHOD_MATCH = YES;
				COPY_PHASE_STRIP = NO;
				DEBUG_INFORMATION_FORMAT = dwarf;
				ENABLE_STRICT_OBJC_MSGSEND = YES;
				ENABLE_TESTABILITY = YES;
				GCC_C_LANGUAGE_STANDARD = gnu11;
				GCC_DYNAMIC_NO_PIC = NO;
				GCC_NO_COMMON_BLOCKS = YES;
				GCC_OPTIMIZATION_LEVEL = 0;
				GCC_PREPROCESSOR_DEFINITIONS = (
					"DEBUG=1",
					"$(inherited)",
				);
				GCC_WARN_64_TO_32_BIT_CONVERSION = YES;
				GCC_WARN_ABOUT_RETURN_TYPE = YES_ERROR;
				GCC_WARN_UNDECLARED_SELECTOR = YES;
				GCC_WARN_UNINITIALIZED_AUTOS = YES_AGGRESSIVE;
				GCC_WARN_UNUSED_FUNCTION = YES;
				GCC_WARN_UNUSED_VARIABLE = YES;
				IPHONEOS_DEPLOYMENT_TARGET = 14.4;
				MTL_ENABLE_DEBUG_INFO = INCLUDE_SOURCE;
				MTL_FAST_MATH = YES;
				ONLY_ACTIVE_ARCH = YES;
				SDKROOT = iphoneos;
				SWIFT_ACTIVE_COMPILATION_CONDITIONS = DEBUG;
				SWIFT_OPTIMIZATION_LEVEL = "-Onone";
			};
			name = Debug;
		};
		352755DB25FBD43300E3D88F /* Release */ = {
			isa = XCBuildConfiguration;
			buildSettings = {
				ALWAYS_SEARCH_USER_PATHS = NO;
				CLANG_ANALYZER_NONNULL = YES;
				CLANG_ANALYZER_NUMBER_OBJECT_CONVERSION = YES_AGGRESSIVE;
				CLANG_CXX_LANGUAGE_STANDARD = "gnu++14";
				CLANG_CXX_LIBRARY = "libc++";
				CLANG_ENABLE_MODULES = YES;
				CLANG_ENABLE_OBJC_ARC = YES;
				CLANG_ENABLE_OBJC_WEAK = YES;
				CLANG_WARN_BLOCK_CAPTURE_AUTORELEASING = YES;
				CLANG_WARN_BOOL_CONVERSION = YES;
				CLANG_WARN_COMMA = YES;
				CLANG_WARN_CONSTANT_CONVERSION = YES;
				CLANG_WARN_DEPRECATED_OBJC_IMPLEMENTATIONS = YES;
				CLANG_WARN_DIRECT_OBJC_ISA_USAGE = YES_ERROR;
				CLANG_WARN_DOCUMENTATION_COMMENTS = YES;
				CLANG_WARN_EMPTY_BODY = YES;
				CLANG_WARN_ENUM_CONVERSION = YES;
				CLANG_WARN_INFINITE_RECURSION = YES;
				CLANG_WARN_INT_CONVERSION = YES;
				CLANG_WARN_NON_LITERAL_NULL_CONVERSION = YES;
				CLANG_WARN_OBJC_IMPLICIT_RETAIN_SELF = YES;
				CLANG_WARN_OBJC_LITERAL_CONVERSION = YES;
				CLANG_WARN_OBJC_ROOT_CLASS = YES_ERROR;
				CLANG_WARN_QUOTED_INCLUDE_IN_FRAMEWORK_HEADER = YES;
				CLANG_WARN_RANGE_LOOP_ANALYSIS = YES;
				CLANG_WARN_STRICT_PROTOTYPES = YES;
				CLANG_WARN_SUSPICIOUS_MOVE = YES;
				CLANG_WARN_UNGUARDED_AVAILABILITY = YES_AGGRESSIVE;
				CLANG_WARN_UNREACHABLE_CODE = YES;
				CLANG_WARN__DUPLICATE_METHOD_MATCH = YES;
				COPY_PHASE_STRIP = NO;
				DEBUG_INFORMATION_FORMAT = "dwarf-with-dsym";
				ENABLE_NS_ASSERTIONS = NO;
				ENABLE_STRICT_OBJC_MSGSEND = YES;
				GCC_C_LANGUAGE_STANDARD = gnu11;
				GCC_NO_COMMON_BLOCKS = YES;
				GCC_WARN_64_TO_32_BIT_CONVERSION = YES;
				GCC_WARN_ABOUT_RETURN_TYPE = YES_ERROR;
				GCC_WARN_UNDECLARED_SELECTOR = YES;
				GCC_WARN_UNINITIALIZED_AUTOS = YES_AGGRESSIVE;
				GCC_WARN_UNUSED_FUNCTION = YES;
				GCC_WARN_UNUSED_VARIABLE = YES;
				IPHONEOS_DEPLOYMENT_TARGET = 14.4;
				MTL_ENABLE_DEBUG_INFO = NO;
				MTL_FAST_MATH = YES;
				SDKROOT = iphoneos;
				SWIFT_COMPILATION_MODE = wholemodule;
				SWIFT_OPTIMIZATION_LEVEL = "-O";
				VALIDATE_PRODUCT = YES;
			};
			name = Release;
		};
		352755DD25FBD43300E3D88F /* Debug */ = {
			isa = XCBuildConfiguration;
			buildSettings = {
				ASSETCATALOG_COMPILER_APPICON_NAME = AppIcon;
				ASSETCATALOG_COMPILER_GLOBAL_ACCENT_COLOR_NAME = AccentColor;
				CODE_SIGN_STYLE = Automatic;
				INFOPLIST_FILE = "Meal Tracker/Info.plist";
				LD_RUNPATH_SEARCH_PATHS = (
					"$(inherited)",
					"@executable_path/Frameworks",
				);
				PRODUCT_BUNDLE_IDENTIFIER = "d.lazanha.Meal-Tracker";
				PRODUCT_NAME = "$(TARGET_NAME)";
				SWIFT_VERSION = 5.0;
				TARGETED_DEVICE_FAMILY = "1,2";
			};
			name = Debug;
		};
		352755DE25FBD43300E3D88F /* Release */ = {
			isa = XCBuildConfiguration;
			buildSettings = {
				ASSETCATALOG_COMPILER_APPICON_NAME = AppIcon;
				ASSETCATALOG_COMPILER_GLOBAL_ACCENT_COLOR_NAME = AccentColor;
				CODE_SIGN_STYLE = Automatic;
				INFOPLIST_FILE = "Meal Tracker/Info.plist";
				LD_RUNPATH_SEARCH_PATHS = (
					"$(inherited)",
					"@executable_path/Frameworks",
				);
				PRODUCT_BUNDLE_IDENTIFIER = "d.lazanha.Meal-Tracker";
				PRODUCT_NAME = "$(TARGET_NAME)";
				SWIFT_VERSION = 5.0;
				TARGETED_DEVICE_FAMILY = "1,2";
			};
			name = Release;
		};
/* End XCBuildConfiguration section */

/* Begin XCConfigurationList section */
		352755C325FBD43200E3D88F /* Build configuration list for PBXProject "Meal Tracker" */ = {
			isa = XCConfigurationList;
			buildConfigurations = (
				352755DA25FBD43300E3D88F /* Debug */,
				352755DB25FBD43300E3D88F /* Release */,
			);
			defaultConfigurationIsVisible = 0;
			defaultConfigurationName = Release;
		};
		352755DC25FBD43300E3D88F /* Build configuration list for PBXNativeTarget "Meal Tracker" */ = {
			isa = XCConfigurationList;
			buildConfigurations = (
				352755DD25FBD43300E3D88F /* Debug */,
				352755DE25FBD43300E3D88F /* Release */,
			);
			defaultConfigurationIsVisible = 0;
			defaultConfigurationName = Release;
		};
/* End XCConfigurationList section */
	};
	rootObject = 352755C025FBD43200E3D88F /* Project object */;
}
